// !$*UTF8*$!
{
	archiveVersion = 1;
	classes = {
	};
	objectVersion = 46;
	objects = {

/* Begin PBXBuildFile section */
		4340D255EDC82059BEB1ED43 /* Pods_iOSHelloWorld_iOSHelloWorldUITests.framework in Frameworks */ = {isa = PBXBuildFile; fileRef = 495B2841372CD4656AB52243 /* Pods_iOSHelloWorld_iOSHelloWorldUITests.framework */; };
		6068814786B8ED53047C2260 /* Pods_iOSHelloWorld.framework in Frameworks */ = {isa = PBXBuildFile; fileRef = 8EA6762963397CE43F50AE2B /* Pods_iOSHelloWorld.framework */; };
		94258AF62754DC0C004902D0 /* ScanningControllerTests.swift in Sources */ = {isa = PBXBuildFile; fileRef = 94258AF52754DC0C004902D0 /* ScanningControllerTests.swift */; };
		D24408D91F6873A700D58AC7 /* AppDelegate.swift in Sources */ = {isa = PBXBuildFile; fileRef = D24408D81F6873A700D58AC7 /* AppDelegate.swift */; };
		D24408DB1F6873A700D58AC7 /* ViewController.swift in Sources */ = {isa = PBXBuildFile; fileRef = D24408DA1F6873A700D58AC7 /* ViewController.swift */; };
		D24408DE1F6873A700D58AC7 /* Main.storyboard in Resources */ = {isa = PBXBuildFile; fileRef = D24408DC1F6873A700D58AC7 /* Main.storyboard */; };
		D24408E01F6873A700D58AC7 /* Assets.xcassets in Resources */ = {isa = PBXBuildFile; fileRef = D24408DF1F6873A700D58AC7 /* Assets.xcassets */; };
		D24408E31F6873A700D58AC7 /* LaunchScreen.storyboard in Resources */ = {isa = PBXBuildFile; fileRef = D24408E11F6873A700D58AC7 /* LaunchScreen.storyboard */; };
		D24408EE1F6873A700D58AC7 /* iOSHelloWorldTests.swift in Sources */ = {isa = PBXBuildFile; fileRef = D24408ED1F6873A700D58AC7 /* iOSHelloWorldTests.swift */; };
		D24408F91F6873A700D58AC7 /* iOSHelloWorldUITests.swift in Sources */ = {isa = PBXBuildFile; fileRef = D24408F81F6873A700D58AC7 /* iOSHelloWorldUITests.swift */; };
		D3BDD26D8005B7EC942786DC /* Pods_iOSHelloWorldTests.framework in Frameworks */ = {isa = PBXBuildFile; fileRef = 9000A861F9FFC63B64B0B6EB /* Pods_iOSHelloWorldTests.framework */; };
/* End PBXBuildFile section */

/* Begin PBXContainerItemProxy section */
		D24408EA1F6873A700D58AC7 /* PBXContainerItemProxy */ = {
			isa = PBXContainerItemProxy;
			containerPortal = D24408CD1F6873A700D58AC7 /* Project object */;
			proxyType = 1;
			remoteGlobalIDString = D24408D41F6873A700D58AC7;
			remoteInfo = iOSHelloWorld;
		};
		D24408F51F6873A700D58AC7 /* PBXContainerItemProxy */ = {
			isa = PBXContainerItemProxy;
			containerPortal = D24408CD1F6873A700D58AC7 /* Project object */;
			proxyType = 1;
			remoteGlobalIDString = D24408D41F6873A700D58AC7;
			remoteInfo = iOSHelloWorld;
		};
/* End PBXContainerItemProxy section */

/* Begin PBXFileReference section */
		495B2841372CD4656AB52243 /* Pods_iOSHelloWorld_iOSHelloWorldUITests.framework */ = {isa = PBXFileReference; explicitFileType = wrapper.framework; includeInIndex = 0; path = Pods_iOSHelloWorld_iOSHelloWorldUITests.framework; sourceTree = BUILT_PRODUCTS_DIR; };
		6DF71BA583DE6CF7D6780F3E /* Pods-iOSHelloWorld.release.xcconfig */ = {isa = PBXFileReference; includeInIndex = 1; lastKnownFileType = text.xcconfig; name = "Pods-iOSHelloWorld.release.xcconfig"; path = "Target Support Files/Pods-iOSHelloWorld/Pods-iOSHelloWorld.release.xcconfig"; sourceTree = "<group>"; };
		7BF1B5B5061C81FEF16F6A49 /* Pods-iOSHelloWorld-iOSHelloWorldUITests.debug.xcconfig */ = {isa = PBXFileReference; includeInIndex = 1; lastKnownFileType = text.xcconfig; name = "Pods-iOSHelloWorld-iOSHelloWorldUITests.debug.xcconfig"; path = "Target Support Files/Pods-iOSHelloWorld-iOSHelloWorldUITests/Pods-iOSHelloWorld-iOSHelloWorldUITests.debug.xcconfig"; sourceTree = "<group>"; };
		8EA6762963397CE43F50AE2B /* Pods_iOSHelloWorld.framework */ = {isa = PBXFileReference; explicitFileType = wrapper.framework; includeInIndex = 0; path = Pods_iOSHelloWorld.framework; sourceTree = BUILT_PRODUCTS_DIR; };
		9000A861F9FFC63B64B0B6EB /* Pods_iOSHelloWorldTests.framework */ = {isa = PBXFileReference; explicitFileType = wrapper.framework; includeInIndex = 0; path = Pods_iOSHelloWorldTests.framework; sourceTree = BUILT_PRODUCTS_DIR; };
		94258AF52754DC0C004902D0 /* ScanningControllerTests.swift */ = {isa = PBXFileReference; fileEncoding = 4; lastKnownFileType = sourcecode.swift; path = ScanningControllerTests.swift; sourceTree = "<group>"; };
		B055DDF8F204E2C1DB4BEA65 /* Pods-iOSHelloWorldTests.debug.xcconfig */ = {isa = PBXFileReference; includeInIndex = 1; lastKnownFileType = text.xcconfig; name = "Pods-iOSHelloWorldTests.debug.xcconfig"; path = "Target Support Files/Pods-iOSHelloWorldTests/Pods-iOSHelloWorldTests.debug.xcconfig"; sourceTree = "<group>"; };
		D24408D51F6873A700D58AC7 /* iOSHelloWorld.app */ = {isa = PBXFileReference; explicitFileType = wrapper.application; includeInIndex = 0; path = iOSHelloWorld.app; sourceTree = BUILT_PRODUCTS_DIR; };
		D24408D81F6873A700D58AC7 /* AppDelegate.swift */ = {isa = PBXFileReference; lastKnownFileType = sourcecode.swift; path = AppDelegate.swift; sourceTree = "<group>"; };
		D24408DA1F6873A700D58AC7 /* ViewController.swift */ = {isa = PBXFileReference; lastKnownFileType = sourcecode.swift; path = ViewController.swift; sourceTree = "<group>"; };
		D24408DD1F6873A700D58AC7 /* Base */ = {isa = PBXFileReference; lastKnownFileType = file.storyboard; name = Base; path = Base.lproj/Main.storyboard; sourceTree = "<group>"; };
		D24408DF1F6873A700D58AC7 /* Assets.xcassets */ = {isa = PBXFileReference; lastKnownFileType = folder.assetcatalog; path = Assets.xcassets; sourceTree = "<group>"; };
		D24408E21F6873A700D58AC7 /* Base */ = {isa = PBXFileReference; lastKnownFileType = file.storyboard; name = Base; path = Base.lproj/LaunchScreen.storyboard; sourceTree = "<group>"; };
		D24408E41F6873A700D58AC7 /* Info.plist */ = {isa = PBXFileReference; lastKnownFileType = text.plist.xml; path = Info.plist; sourceTree = "<group>"; };
		D24408E91F6873A700D58AC7 /* iOSHelloWorldTests.xctest */ = {isa = PBXFileReference; explicitFileType = wrapper.cfbundle; includeInIndex = 0; path = iOSHelloWorldTests.xctest; sourceTree = BUILT_PRODUCTS_DIR; };
		D24408ED1F6873A700D58AC7 /* iOSHelloWorldTests.swift */ = {isa = PBXFileReference; lastKnownFileType = sourcecode.swift; path = iOSHelloWorldTests.swift; sourceTree = "<group>"; };
		D24408EF1F6873A700D58AC7 /* Info.plist */ = {isa = PBXFileReference; lastKnownFileType = text.plist.xml; path = Info.plist; sourceTree = "<group>"; };
		D24408F41F6873A700D58AC7 /* iOSHelloWorldUITests.xctest */ = {isa = PBXFileReference; explicitFileType = wrapper.cfbundle; includeInIndex = 0; path = iOSHelloWorldUITests.xctest; sourceTree = BUILT_PRODUCTS_DIR; };
		D24408F81F6873A700D58AC7 /* iOSHelloWorldUITests.swift */ = {isa = PBXFileReference; lastKnownFileType = sourcecode.swift; path = iOSHelloWorldUITests.swift; sourceTree = "<group>"; };
		D24408FA1F6873A700D58AC7 /* Info.plist */ = {isa = PBXFileReference; lastKnownFileType = text.plist.xml; path = Info.plist; sourceTree = "<group>"; };
		DF6DAEB8ED77E83EF29A6342 /* Pods-iOSHelloWorldTests.release.xcconfig */ = {isa = PBXFileReference; includeInIndex = 1; lastKnownFileType = text.xcconfig; name = "Pods-iOSHelloWorldTests.release.xcconfig"; path = "Target Support Files/Pods-iOSHelloWorldTests/Pods-iOSHelloWorldTests.release.xcconfig"; sourceTree = "<group>"; };
		E76BD1AE891A464D0C65B261 /* Pods-iOSHelloWorld.debug.xcconfig */ = {isa = PBXFileReference; includeInIndex = 1; lastKnownFileType = text.xcconfig; name = "Pods-iOSHelloWorld.debug.xcconfig"; path = "Target Support Files/Pods-iOSHelloWorld/Pods-iOSHelloWorld.debug.xcconfig"; sourceTree = "<group>"; };
		EF1B72F1E8FDA2C021AFDB03 /* Pods-iOSHelloWorld-iOSHelloWorldUITests.release.xcconfig */ = {isa = PBXFileReference; includeInIndex = 1; lastKnownFileType = text.xcconfig; name = "Pods-iOSHelloWorld-iOSHelloWorldUITests.release.xcconfig"; path = "Target Support Files/Pods-iOSHelloWorld-iOSHelloWorldUITests/Pods-iOSHelloWorld-iOSHelloWorldUITests.release.xcconfig"; sourceTree = "<group>"; };
/* End PBXFileReference section */

/* Begin PBXFrameworksBuildPhase section */
		D24408D21F6873A700D58AC7 /* Frameworks */ = {
			isa = PBXFrameworksBuildPhase;
			buildActionMask = 2147483647;
			files = (
				6068814786B8ED53047C2260 /* Pods_iOSHelloWorld.framework in Frameworks */,
			);
			runOnlyForDeploymentPostprocessing = 0;
		};
		D24408E61F6873A700D58AC7 /* Frameworks */ = {
			isa = PBXFrameworksBuildPhase;
			buildActionMask = 2147483647;
			files = (
				D3BDD26D8005B7EC942786DC /* Pods_iOSHelloWorldTests.framework in Frameworks */,
			);
			runOnlyForDeploymentPostprocessing = 0;
		};
		D24408F11F6873A700D58AC7 /* Frameworks */ = {
			isa = PBXFrameworksBuildPhase;
			buildActionMask = 2147483647;
			files = (
				4340D255EDC82059BEB1ED43 /* Pods_iOSHelloWorld_iOSHelloWorldUITests.framework in Frameworks */,
			);
			runOnlyForDeploymentPostprocessing = 0;
		};
/* End PBXFrameworksBuildPhase section */

/* Begin PBXGroup section */
		4951262B3BF07F6A18DEF060 /* Frameworks */ = {
			isa = PBXGroup;
			children = (
				8EA6762963397CE43F50AE2B /* Pods_iOSHelloWorld.framework */,
				495B2841372CD4656AB52243 /* Pods_iOSHelloWorld_iOSHelloWorldUITests.framework */,
				9000A861F9FFC63B64B0B6EB /* Pods_iOSHelloWorldTests.framework */,
			);
			name = Frameworks;
			sourceTree = "<group>";
		};
		5BCD173930926082A64B21AA /* Pods */ = {
			isa = PBXGroup;
			children = (
				E76BD1AE891A464D0C65B261 /* Pods-iOSHelloWorld.debug.xcconfig */,
				6DF71BA583DE6CF7D6780F3E /* Pods-iOSHelloWorld.release.xcconfig */,
				7BF1B5B5061C81FEF16F6A49 /* Pods-iOSHelloWorld-iOSHelloWorldUITests.debug.xcconfig */,
				EF1B72F1E8FDA2C021AFDB03 /* Pods-iOSHelloWorld-iOSHelloWorldUITests.release.xcconfig */,
				B055DDF8F204E2C1DB4BEA65 /* Pods-iOSHelloWorldTests.debug.xcconfig */,
				DF6DAEB8ED77E83EF29A6342 /* Pods-iOSHelloWorldTests.release.xcconfig */,
			);
			path = Pods;
			sourceTree = "<group>";
		};
		D24408CC1F6873A700D58AC7 = {
			isa = PBXGroup;
			children = (
				D24408D71F6873A700D58AC7 /* iOSHelloWorld */,
				D24408EC1F6873A700D58AC7 /* iOSHelloWorldTests */,
				D24408F71F6873A700D58AC7 /* iOSHelloWorldUITests */,
				D24408D61F6873A700D58AC7 /* Products */,
				5BCD173930926082A64B21AA /* Pods */,
				4951262B3BF07F6A18DEF060 /* Frameworks */,
			);
			sourceTree = "<group>";
		};
		D24408D61F6873A700D58AC7 /* Products */ = {
			isa = PBXGroup;
			children = (
				D24408D51F6873A700D58AC7 /* iOSHelloWorld.app */,
				D24408E91F6873A700D58AC7 /* iOSHelloWorldTests.xctest */,
				D24408F41F6873A700D58AC7 /* iOSHelloWorldUITests.xctest */,
			);
			name = Products;
			sourceTree = "<group>";
		};
		D24408D71F6873A700D58AC7 /* iOSHelloWorld */ = {
			isa = PBXGroup;
			children = (
				D24408D81F6873A700D58AC7 /* AppDelegate.swift */,
				D24408DA1F6873A700D58AC7 /* ViewController.swift */,
				D24408DC1F6873A700D58AC7 /* Main.storyboard */,
				D24408DF1F6873A700D58AC7 /* Assets.xcassets */,
				D24408E11F6873A700D58AC7 /* LaunchScreen.storyboard */,
				D24408E41F6873A700D58AC7 /* Info.plist */,
			);
			path = iOSHelloWorld;
			sourceTree = "<group>";
		};
		D24408EC1F6873A700D58AC7 /* iOSHelloWorldTests */ = {
			isa = PBXGroup;
			children = (
				D24408ED1F6873A700D58AC7 /* iOSHelloWorldTests.swift */,
				94258AF52754DC0C004902D0 /* ScanningControllerTests.swift */,
				D24408EF1F6873A700D58AC7 /* Info.plist */,
			);
			path = iOSHelloWorldTests;
			sourceTree = "<group>";
		};
		D24408F71F6873A700D58AC7 /* iOSHelloWorldUITests */ = {
			isa = PBXGroup;
			children = (
				D24408F81F6873A700D58AC7 /* iOSHelloWorldUITests.swift */,
				D24408FA1F6873A700D58AC7 /* Info.plist */,
			);
			path = iOSHelloWorldUITests;
			sourceTree = "<group>";
		};
/* End PBXGroup section */

/* Begin PBXNativeTarget section */
		D24408D41F6873A700D58AC7 /* iOSHelloWorld */ = {
			isa = PBXNativeTarget;
			buildConfigurationList = D24408FD1F6873A700D58AC7 /* Build configuration list for PBXNativeTarget "iOSHelloWorld" */;
			buildPhases = (
				312F8A8D5E6B60D631DA064A /* [CP] Check Pods Manifest.lock */,
				D24408D11F6873A700D58AC7 /* Sources */,
				D24408D21F6873A700D58AC7 /* Frameworks */,
				D24408D31F6873A700D58AC7 /* Resources */,
				941D843D273529FF00138326 /* ShellScript */,
				B8CD6564038B166785A721DC /* [CP] Embed Pods Frameworks */,
			);
			buildRules = (
			);
			dependencies = (
			);
			name = iOSHelloWorld;
			productName = iOSHelloWorld;
			productReference = D24408D51F6873A700D58AC7 /* iOSHelloWorld.app */;
			productType = "com.apple.product-type.application";
		};
		D24408E81F6873A700D58AC7 /* iOSHelloWorldTests */ = {
			isa = PBXNativeTarget;
			buildConfigurationList = D24409001F6873A700D58AC7 /* Build configuration list for PBXNativeTarget "iOSHelloWorldTests" */;
			buildPhases = (
				FE76153FD9C5F961EB5B1A63 /* [CP] Check Pods Manifest.lock */,
				D24408E51F6873A700D58AC7 /* Sources */,
				D24408E61F6873A700D58AC7 /* Frameworks */,
				D24408E71F6873A700D58AC7 /* Resources */,
			);
			buildRules = (
			);
			dependencies = (
				D24408EB1F6873A700D58AC7 /* PBXTargetDependency */,
			);
			name = iOSHelloWorldTests;
			productName = iOSHelloWorldTests;
			productReference = D24408E91F6873A700D58AC7 /* iOSHelloWorldTests.xctest */;
			productType = "com.apple.product-type.bundle.unit-test";
		};
		D24408F31F6873A700D58AC7 /* iOSHelloWorldUITests */ = {
			isa = PBXNativeTarget;
			buildConfigurationList = D24409031F6873A700D58AC7 /* Build configuration list for PBXNativeTarget "iOSHelloWorldUITests" */;
			buildPhases = (
				F4C8D85F8B8499DD52305A71 /* [CP] Check Pods Manifest.lock */,
				D24408F01F6873A700D58AC7 /* Sources */,
				D24408F11F6873A700D58AC7 /* Frameworks */,
				D24408F21F6873A700D58AC7 /* Resources */,
				3145F00CDFD4CA4A54A2468A /* [CP] Embed Pods Frameworks */,
			);
			buildRules = (
			);
			dependencies = (
				D24408F61F6873A700D58AC7 /* PBXTargetDependency */,
			);
			name = iOSHelloWorldUITests;
			productName = iOSHelloWorldUITests;
			productReference = D24408F41F6873A700D58AC7 /* iOSHelloWorldUITests.xctest */;
			productType = "com.apple.product-type.bundle.ui-testing";
		};
/* End PBXNativeTarget section */

/* Begin PBXProject section */
		D24408CD1F6873A700D58AC7 /* Project object */ = {
			isa = PBXProject;
			attributes = {
				LastSwiftUpdateCheck = 0830;
				LastUpgradeCheck = 0830;
				TargetAttributes = {
					D24408D41F6873A700D58AC7 = {
						CreatedOnToolsVersion = 8.3.3;
						DevelopmentTeam = Z34X6L4P55;
						ProvisioningStyle = Manual;
					};
					D24408E81F6873A700D58AC7 = {
						CreatedOnToolsVersion = 8.3.3;
						ProvisioningStyle = Automatic;
						TestTargetID = D24408D41F6873A700D58AC7;
					};
					D24408F31F6873A700D58AC7 = {
						CreatedOnToolsVersion = 8.3.3;
						ProvisioningStyle = Automatic;
						TestTargetID = D24408D41F6873A700D58AC7;
					};
				};
			};
			buildConfigurationList = D24408D01F6873A700D58AC7 /* Build configuration list for PBXProject "iOSHelloWorld" */;
			compatibilityVersion = "Xcode 3.2";
			developmentRegion = English;
			hasScannedForEncodings = 0;
			knownRegions = (
				English,
				en,
				Base,
			);
			mainGroup = D24408CC1F6873A700D58AC7;
			productRefGroup = D24408D61F6873A700D58AC7 /* Products */;
			projectDirPath = "";
			projectRoot = "";
			targets = (
				D24408D41F6873A700D58AC7 /* iOSHelloWorld */,
				D24408E81F6873A700D58AC7 /* iOSHelloWorldTests */,
				D24408F31F6873A700D58AC7 /* iOSHelloWorldUITests */,
			);
		};
/* End PBXProject section */

/* Begin PBXResourcesBuildPhase section */
		D24408D31F6873A700D58AC7 /* Resources */ = {
			isa = PBXResourcesBuildPhase;
			buildActionMask = 2147483647;
			files = (
				D24408E31F6873A700D58AC7 /* LaunchScreen.storyboard in Resources */,
				D24408E01F6873A700D58AC7 /* Assets.xcassets in Resources */,
				D24408DE1F6873A700D58AC7 /* Main.storyboard in Resources */,
			);
			runOnlyForDeploymentPostprocessing = 0;
		};
		D24408E71F6873A700D58AC7 /* Resources */ = {
			isa = PBXResourcesBuildPhase;
			buildActionMask = 2147483647;
			files = (
			);
			runOnlyForDeploymentPostprocessing = 0;
		};
		D24408F21F6873A700D58AC7 /* Resources */ = {
			isa = PBXResourcesBuildPhase;
			buildActionMask = 2147483647;
			files = (
			);
			runOnlyForDeploymentPostprocessing = 0;
		};
/* End PBXResourcesBuildPhase section */

/* Begin PBXShellScriptBuildPhase section */
		312F8A8D5E6B60D631DA064A /* [CP] Check Pods Manifest.lock */ = {
			isa = PBXShellScriptBuildPhase;
			buildActionMask = 2147483647;
			files = (
			);
			inputFileListPaths = (
			);
			inputPaths = (
				"${PODS_PODFILE_DIR_PATH}/Podfile.lock",
				"${PODS_ROOT}/Manifest.lock",
			);
			name = "[CP] Check Pods Manifest.lock";
			outputFileListPaths = (
			);
			outputPaths = (
				"$(DERIVED_FILE_DIR)/Pods-iOSHelloWorld-checkManifestLockResult.txt",
			);
			runOnlyForDeploymentPostprocessing = 0;
			shellPath = /bin/sh;
			shellScript = "diff \"${PODS_PODFILE_DIR_PATH}/Podfile.lock\" \"${PODS_ROOT}/Manifest.lock\" > /dev/null\nif [ $? != 0 ] ; then\n    # print error to STDERR\n    echo \"error: The sandbox is not in sync with the Podfile.lock. Run 'pod install' or update your CocoaPods installation.\" >&2\n    exit 1\nfi\n# This output is used by Xcode 'outputs' to avoid re-running this script phase.\necho \"SUCCESS\" > \"${SCRIPT_OUTPUT_FILE_0}\"\n";
			showEnvVarsInLog = 0;
		};
		3145F00CDFD4CA4A54A2468A /* [CP] Embed Pods Frameworks */ = {
			isa = PBXShellScriptBuildPhase;
			buildActionMask = 2147483647;
			files = (
			);
			inputPaths = (
				"${PODS_ROOT}/Target Support Files/Pods-iOSHelloWorld-iOSHelloWorldUITests/Pods-iOSHelloWorld-iOSHelloWorldUITests-frameworks.sh",
				"${BUILT_PRODUCTS_DIR}/PromiseKit/PromiseKit.framework",
				"${PODS_ROOT}/StandardCyborgFusion/ios/StandardCyborgFusion.framework",
				"${BUILT_PRODUCTS_DIR}/StandardCyborgNetworking/StandardCyborgNetworking.framework",
				"${BUILT_PRODUCTS_DIR}/StandardCyborgUI/StandardCyborgUI.framework",
				"${BUILT_PRODUCTS_DIR}/Zip/Zip.framework",
			);
			name = "[CP] Embed Pods Frameworks";
			outputPaths = (
				"${TARGET_BUILD_DIR}/${FRAMEWORKS_FOLDER_PATH}/PromiseKit.framework",
				"${TARGET_BUILD_DIR}/${FRAMEWORKS_FOLDER_PATH}/StandardCyborgFusion.framework",
				"${TARGET_BUILD_DIR}/${FRAMEWORKS_FOLDER_PATH}/StandardCyborgNetworking.framework",
				"${TARGET_BUILD_DIR}/${FRAMEWORKS_FOLDER_PATH}/StandardCyborgUI.framework",
				"${TARGET_BUILD_DIR}/${FRAMEWORKS_FOLDER_PATH}/Zip.framework",
			);
			runOnlyForDeploymentPostprocessing = 0;
			shellPath = /bin/sh;
			shellScript = "\"${PODS_ROOT}/Target Support Files/Pods-iOSHelloWorld-iOSHelloWorldUITests/Pods-iOSHelloWorld-iOSHelloWorldUITests-frameworks.sh\"\n";
			showEnvVarsInLog = 0;
		};
		941D843D273529FF00138326 /* ShellScript */ = {
			isa = PBXShellScriptBuildPhase;
			buildActionMask = 2147483647;
			files = (
			);
			inputFileListPaths = (
			);
			inputPaths = (
			);
			outputFileListPaths = (
			);
			outputPaths = (
			);
			runOnlyForDeploymentPostprocessing = 0;
			shellPath = /bin/sh;
			shellScript = "\n# Adds support for Apple Silicon brew directory\nexport PATH=\"$PATH:/opt/homebrew/bin\"\nif which swiftlint; then\n    swiftlint autocorrect && swiftlint\nelse\necho \"warning: SwiftLint not installed, download from https://github.com/realm/SwiftLint\"\nfi\n\n";
		};
		B8CD6564038B166785A721DC /* [CP] Embed Pods Frameworks */ = {
			isa = PBXShellScriptBuildPhase;
			buildActionMask = 2147483647;
			files = (
			);
			inputPaths = (
				"${PODS_ROOT}/Target Support Files/Pods-iOSHelloWorld/Pods-iOSHelloWorld-frameworks.sh",
				"${BUILT_PRODUCTS_DIR}/PromiseKit/PromiseKit.framework",
				"${PODS_ROOT}/StandardCyborgFusion/ios/StandardCyborgFusion.framework",
				"${BUILT_PRODUCTS_DIR}/StandardCyborgNetworking/StandardCyborgNetworking.framework",
				"${BUILT_PRODUCTS_DIR}/StandardCyborgUI/StandardCyborgUI.framework",
				"${BUILT_PRODUCTS_DIR}/Zip/Zip.framework",
			);
			name = "[CP] Embed Pods Frameworks";
			outputPaths = (
				"${TARGET_BUILD_DIR}/${FRAMEWORKS_FOLDER_PATH}/PromiseKit.framework",
				"${TARGET_BUILD_DIR}/${FRAMEWORKS_FOLDER_PATH}/StandardCyborgFusion.framework",
				"${TARGET_BUILD_DIR}/${FRAMEWORKS_FOLDER_PATH}/StandardCyborgNetworking.framework",
				"${TARGET_BUILD_DIR}/${FRAMEWORKS_FOLDER_PATH}/StandardCyborgUI.framework",
				"${TARGET_BUILD_DIR}/${FRAMEWORKS_FOLDER_PATH}/Zip.framework",
			);
			runOnlyForDeploymentPostprocessing = 0;
			shellPath = /bin/sh;
			shellScript = "\"${PODS_ROOT}/Target Support Files/Pods-iOSHelloWorld/Pods-iOSHelloWorld-frameworks.sh\"\n";
			showEnvVarsInLog = 0;
		};
		F4C8D85F8B8499DD52305A71 /* [CP] Check Pods Manifest.lock */ = {
			isa = PBXShellScriptBuildPhase;
			buildActionMask = 2147483647;
			files = (
			);
			inputFileListPaths = (
			);
			inputPaths = (
				"${PODS_PODFILE_DIR_PATH}/Podfile.lock",
				"${PODS_ROOT}/Manifest.lock",
			);
			name = "[CP] Check Pods Manifest.lock";
			outputFileListPaths = (
			);
			outputPaths = (
				"$(DERIVED_FILE_DIR)/Pods-iOSHelloWorld-iOSHelloWorldUITests-checkManifestLockResult.txt",
			);
			runOnlyForDeploymentPostprocessing = 0;
			shellPath = /bin/sh;
			shellScript = "diff \"${PODS_PODFILE_DIR_PATH}/Podfile.lock\" \"${PODS_ROOT}/Manifest.lock\" > /dev/null\nif [ $? != 0 ] ; then\n    # print error to STDERR\n    echo \"error: The sandbox is not in sync with the Podfile.lock. Run 'pod install' or update your CocoaPods installation.\" >&2\n    exit 1\nfi\n# This output is used by Xcode 'outputs' to avoid re-running this script phase.\necho \"SUCCESS\" > \"${SCRIPT_OUTPUT_FILE_0}\"\n";
			showEnvVarsInLog = 0;
		};
		FE76153FD9C5F961EB5B1A63 /* [CP] Check Pods Manifest.lock */ = {
			isa = PBXShellScriptBuildPhase;
			buildActionMask = 2147483647;
			files = (
			);
			inputFileListPaths = (
			);
			inputPaths = (
				"${PODS_PODFILE_DIR_PATH}/Podfile.lock",
				"${PODS_ROOT}/Manifest.lock",
			);
			name = "[CP] Check Pods Manifest.lock";
			outputFileListPaths = (
			);
			outputPaths = (
				"$(DERIVED_FILE_DIR)/Pods-iOSHelloWorldTests-checkManifestLockResult.txt",
			);
			runOnlyForDeploymentPostprocessing = 0;
			shellPath = /bin/sh;
			shellScript = "diff \"${PODS_PODFILE_DIR_PATH}/Podfile.lock\" \"${PODS_ROOT}/Manifest.lock\" > /dev/null\nif [ $? != 0 ] ; then\n    # print error to STDERR\n    echo \"error: The sandbox is not in sync with the Podfile.lock. Run 'pod install' or update your CocoaPods installation.\" >&2\n    exit 1\nfi\n# This output is used by Xcode 'outputs' to avoid re-running this script phase.\necho \"SUCCESS\" > \"${SCRIPT_OUTPUT_FILE_0}\"\n";
			showEnvVarsInLog = 0;
		};
/* End PBXShellScriptBuildPhase section */

/* Begin PBXSourcesBuildPhase section */
		D24408D11F6873A700D58AC7 /* Sources */ = {
			isa = PBXSourcesBuildPhase;
			buildActionMask = 2147483647;
			files = (
				D24408DB1F6873A700D58AC7 /* ViewController.swift in Sources */,
				D24408D91F6873A700D58AC7 /* AppDelegate.swift in Sources */,
			);
			runOnlyForDeploymentPostprocessing = 0;
		};
		D24408E51F6873A700D58AC7 /* Sources */ = {
			isa = PBXSourcesBuildPhase;
			buildActionMask = 2147483647;
			files = (
				94258AF62754DC0C004902D0 /* ScanningControllerTests.swift in Sources */,
				D24408EE1F6873A700D58AC7 /* iOSHelloWorldTests.swift in Sources */,
			);
			runOnlyForDeploymentPostprocessing = 0;
		};
		D24408F01F6873A700D58AC7 /* Sources */ = {
			isa = PBXSourcesBuildPhase;
			buildActionMask = 2147483647;
			files = (
				D24408F91F6873A700D58AC7 /* iOSHelloWorldUITests.swift in Sources */,
			);
			runOnlyForDeploymentPostprocessing = 0;
		};
/* End PBXSourcesBuildPhase section */

/* Begin PBXTargetDependency section */
		D24408EB1F6873A700D58AC7 /* PBXTargetDependency */ = {
			isa = PBXTargetDependency;
			target = D24408D41F6873A700D58AC7 /* iOSHelloWorld */;
			targetProxy = D24408EA1F6873A700D58AC7 /* PBXContainerItemProxy */;
		};
		D24408F61F6873A700D58AC7 /* PBXTargetDependency */ = {
			isa = PBXTargetDependency;
			target = D24408D41F6873A700D58AC7 /* iOSHelloWorld */;
			targetProxy = D24408F51F6873A700D58AC7 /* PBXContainerItemProxy */;
		};
/* End PBXTargetDependency section */

/* Begin PBXVariantGroup section */
		D24408DC1F6873A700D58AC7 /* Main.storyboard */ = {
			isa = PBXVariantGroup;
			children = (
				D24408DD1F6873A700D58AC7 /* Base */,
			);
			name = Main.storyboard;
			sourceTree = "<group>";
		};
		D24408E11F6873A700D58AC7 /* LaunchScreen.storyboard */ = {
			isa = PBXVariantGroup;
			children = (
				D24408E21F6873A700D58AC7 /* Base */,
			);
			name = LaunchScreen.storyboard;
			sourceTree = "<group>";
		};
/* End PBXVariantGroup section */

/* Begin XCBuildConfiguration section */
		D24408FB1F6873A700D58AC7 /* Debug */ = {
			isa = XCBuildConfiguration;
			buildSettings = {
				ALWAYS_SEARCH_USER_PATHS = NO;
				CLANG_ANALYZER_NONNULL = YES;
				CLANG_ANALYZER_NUMBER_OBJECT_CONVERSION = YES_AGGRESSIVE;
				CLANG_CXX_LANGUAGE_STANDARD = "gnu++0x";
				CLANG_CXX_LIBRARY = "libc++";
				CLANG_ENABLE_MODULES = YES;
				CLANG_ENABLE_OBJC_ARC = YES;
				CLANG_WARN_BOOL_CONVERSION = YES;
				CLANG_WARN_CONSTANT_CONVERSION = YES;
				CLANG_WARN_DIRECT_OBJC_ISA_USAGE = YES_ERROR;
				CLANG_WARN_DOCUMENTATION_COMMENTS = YES;
				CLANG_WARN_EMPTY_BODY = YES;
				CLANG_WARN_ENUM_CONVERSION = YES;
				CLANG_WARN_INFINITE_RECURSION = YES;
				CLANG_WARN_INT_CONVERSION = YES;
				CLANG_WARN_OBJC_ROOT_CLASS = YES_ERROR;
				CLANG_WARN_SUSPICIOUS_MOVE = YES;
				CLANG_WARN_UNREACHABLE_CODE = YES;
				CLANG_WARN__DUPLICATE_METHOD_MATCH = YES;
				"CODE_SIGN_IDENTITY[sdk=iphoneos*]" = "iPhone Developer";
				COPY_PHASE_STRIP = NO;
				DEBUG_INFORMATION_FORMAT = dwarf;
				ENABLE_STRICT_OBJC_MSGSEND = YES;
				ENABLE_TESTABILITY = YES;
				GCC_C_LANGUAGE_STANDARD = gnu99;
				GCC_DYNAMIC_NO_PIC = NO;
				GCC_NO_COMMON_BLOCKS = YES;
				GCC_OPTIMIZATION_LEVEL = 0;
				GCC_PREPROCESSOR_DEFINITIONS = (
					"DEBUG=1",
					"$(inherited)",
				);
				GCC_WARN_64_TO_32_BIT_CONVERSION = YES;
				GCC_WARN_ABOUT_RETURN_TYPE = YES_ERROR;
				GCC_WARN_UNDECLARED_SELECTOR = YES;
				GCC_WARN_UNINITIALIZED_AUTOS = YES_AGGRESSIVE;
				GCC_WARN_UNUSED_FUNCTION = YES;
				GCC_WARN_UNUSED_VARIABLE = YES;
				IPHONEOS_DEPLOYMENT_TARGET = 10.3;
				MTL_ENABLE_DEBUG_INFO = YES;
				ONLY_ACTIVE_ARCH = YES;
				SDKROOT = iphoneos;
				SWIFT_ACTIVE_COMPILATION_CONDITIONS = DEBUG;
				SWIFT_OPTIMIZATION_LEVEL = "-Onone";
				TARGETED_DEVICE_FAMILY = "1,2";
			};
			name = Debug;
		};
		D24408FC1F6873A700D58AC7 /* Release */ = {
			isa = XCBuildConfiguration;
			buildSettings = {
				ALWAYS_SEARCH_USER_PATHS = NO;
				CLANG_ANALYZER_NONNULL = YES;
				CLANG_ANALYZER_NUMBER_OBJECT_CONVERSION = YES_AGGRESSIVE;
				CLANG_CXX_LANGUAGE_STANDARD = "gnu++0x";
				CLANG_CXX_LIBRARY = "libc++";
				CLANG_ENABLE_MODULES = YES;
				CLANG_ENABLE_OBJC_ARC = YES;
				CLANG_WARN_BOOL_CONVERSION = YES;
				CLANG_WARN_CONSTANT_CONVERSION = YES;
				CLANG_WARN_DIRECT_OBJC_ISA_USAGE = YES_ERROR;
				CLANG_WARN_DOCUMENTATION_COMMENTS = YES;
				CLANG_WARN_EMPTY_BODY = YES;
				CLANG_WARN_ENUM_CONVERSION = YES;
				CLANG_WARN_INFINITE_RECURSION = YES;
				CLANG_WARN_INT_CONVERSION = YES;
				CLANG_WARN_OBJC_ROOT_CLASS = YES_ERROR;
				CLANG_WARN_SUSPICIOUS_MOVE = YES;
				CLANG_WARN_UNREACHABLE_CODE = YES;
				CLANG_WARN__DUPLICATE_METHOD_MATCH = YES;
				"CODE_SIGN_IDENTITY[sdk=iphoneos*]" = "iPhone Developer";
				COPY_PHASE_STRIP = NO;
				DEBUG_INFORMATION_FORMAT = "dwarf-with-dsym";
				ENABLE_NS_ASSERTIONS = NO;
				ENABLE_STRICT_OBJC_MSGSEND = YES;
				GCC_C_LANGUAGE_STANDARD = gnu99;
				GCC_NO_COMMON_BLOCKS = YES;
				GCC_WARN_64_TO_32_BIT_CONVERSION = YES;
				GCC_WARN_ABOUT_RETURN_TYPE = YES_ERROR;
				GCC_WARN_UNDECLARED_SELECTOR = YES;
				GCC_WARN_UNINITIALIZED_AUTOS = YES_AGGRESSIVE;
				GCC_WARN_UNUSED_FUNCTION = YES;
				GCC_WARN_UNUSED_VARIABLE = YES;
				IPHONEOS_DEPLOYMENT_TARGET = 10.3;
				MTL_ENABLE_DEBUG_INFO = NO;
				SDKROOT = iphoneos;
				SWIFT_OPTIMIZATION_LEVEL = "-Owholemodule";
				TARGETED_DEVICE_FAMILY = "1,2";
				VALIDATE_PRODUCT = YES;
			};
			name = Release;
		};
		D24408FE1F6873A700D58AC7 /* Debug */ = {
			isa = XCBuildConfiguration;
			baseConfigurationReference = E76BD1AE891A464D0C65B261 /* Pods-iOSHelloWorld.debug.xcconfig */;
			buildSettings = {
				ASSETCATALOG_COMPILER_APPICON_NAME = AppIcon;
				CODE_SIGN_STYLE = Manual;
				CURRENT_PROJECT_VERSION = 6;
				DEVELOPMENT_TEAM = Z34X6L4P55;
				INFOPLIST_FILE = iOSHelloWorld/Info.plist;
				IPHONEOS_DEPLOYMENT_TARGET = 13.0;
				LD_RUNPATH_SEARCH_PATHS = "$(inherited) @executable_path/Frameworks";
				PRODUCT_BUNDLE_IDENTIFIER = com.sridhar.testingapp;
				PRODUCT_NAME = "$(TARGET_NAME)";
				PROVISIONING_PROFILE_SPECIFIER = FInalDev;
				SWIFT_VERSION = 5.0;
			};
			name = Debug;
		};
		D24408FF1F6873A700D58AC7 /* Release */ = {
			isa = XCBuildConfiguration;
			baseConfigurationReference = 6DF71BA583DE6CF7D6780F3E /* Pods-iOSHelloWorld.release.xcconfig */;
			buildSettings = {
				ASSETCATALOG_COMPILER_APPICON_NAME = AppIcon;
				CODE_SIGN_STYLE = Manual;
				CURRENT_PROJECT_VERSION = 6;
				DEVELOPMENT_TEAM = Z34X6L4P55;
				INFOPLIST_FILE = iOSHelloWorld/Info.plist;
				IPHONEOS_DEPLOYMENT_TARGET = 13.0;
				LD_RUNPATH_SEARCH_PATHS = "$(inherited) @executable_path/Frameworks";
				PRODUCT_BUNDLE_IDENTIFIER = com.sridhar.testingapp;
				PRODUCT_NAME = "$(TARGET_NAME)";
				PROVISIONING_PROFILE_SPECIFIER = FInalDev;
				SWIFT_VERSION = 5.0;
			};
			name = Release;
		};
		D24409011F6873A700D58AC7 /* Debug */ = {
			isa = XCBuildConfiguration;
			baseConfigurationReference = B055DDF8F204E2C1DB4BEA65 /* Pods-iOSHelloWorldTests.debug.xcconfig */;
			buildSettings = {
				ALWAYS_EMBED_SWIFT_STANDARD_LIBRARIES = YES;
				BUNDLE_LOADER = "$(TEST_HOST)";
				INFOPLIST_FILE = iOSHelloWorldTests/Info.plist;
				IPHONEOS_DEPLOYMENT_TARGET = 13.0;
				LD_RUNPATH_SEARCH_PATHS = "$(inherited) @executable_path/Frameworks @loader_path/Frameworks";
				PRODUCT_BUNDLE_IDENTIFIER = com.microsoft.samples.adventworks.iOSHelloWorldTests;
				PRODUCT_NAME = "$(TARGET_NAME)";
				SWIFT_VERSION = 5.0;
				TEST_HOST = "$(BUILT_PRODUCTS_DIR)/iOSHelloWorld.app/iOSHelloWorld";
			};
			name = Debug;
		};
		D24409021F6873A700D58AC7 /* Release */ = {
			isa = XCBuildConfiguration;
			baseConfigurationReference = DF6DAEB8ED77E83EF29A6342 /* Pods-iOSHelloWorldTests.release.xcconfig */;
			buildSettings = {
				ALWAYS_EMBED_SWIFT_STANDARD_LIBRARIES = YES;
				BUNDLE_LOADER = "$(TEST_HOST)";
				INFOPLIST_FILE = iOSHelloWorldTests/Info.plist;
				IPHONEOS_DEPLOYMENT_TARGET = 13.0;
				LD_RUNPATH_SEARCH_PATHS = "$(inherited) @executable_path/Frameworks @loader_path/Frameworks";
				PRODUCT_BUNDLE_IDENTIFIER = com.microsoft.samples.adventworks.iOSHelloWorldTests;
				PRODUCT_NAME = "$(TARGET_NAME)";
				SWIFT_VERSION = 5.0;
				TEST_HOST = "$(BUILT_PRODUCTS_DIR)/iOSHelloWorld.app/iOSHelloWorld";
			};
			name = Release;
		};
		D24409041F6873A700D58AC7 /* Debug */ = {
			isa = XCBuildConfiguration;
			baseConfigurationReference = 7BF1B5B5061C81FEF16F6A49 /* Pods-iOSHelloWorld-iOSHelloWorldUITests.debug.xcconfig */;
			buildSettings = {
				ALWAYS_EMBED_SWIFT_STANDARD_LIBRARIES = YES;
				INFOPLIST_FILE = iOSHelloWorldUITests/Info.plist;
				IPHONEOS_DEPLOYMENT_TARGET = 13.0;
				LD_RUNPATH_SEARCH_PATHS = "$(inherited) @executable_path/Frameworks @loader_path/Frameworks";
				PRODUCT_BUNDLE_IDENTIFIER = com.microsoft.samples.adventworks.iOSHelloWorldUITests;
				PRODUCT_NAME = "$(TARGET_NAME)";
				SWIFT_VERSION = 5.0;
				TEST_TARGET_NAME = iOSHelloWorld;
			};
			name = Debug;
		};
		D24409051F6873A700D58AC7 /* Release */ = {
			isa = XCBuildConfiguration;
			baseConfigurationReference = EF1B72F1E8FDA2C021AFDB03 /* Pods-iOSHelloWorld-iOSHelloWorldUITests.release.xcconfig */;
			buildSettings = {
				ALWAYS_EMBED_SWIFT_STANDARD_LIBRARIES = YES;
				INFOPLIST_FILE = iOSHelloWorldUITests/Info.plist;
				IPHONEOS_DEPLOYMENT_TARGET = 13.0;
				LD_RUNPATH_SEARCH_PATHS = "$(inherited) @executable_path/Frameworks @loader_path/Frameworks";
				PRODUCT_BUNDLE_IDENTIFIER = com.microsoft.samples.adventworks.iOSHelloWorldUITests;
				PRODUCT_NAME = "$(TARGET_NAME)";
				SWIFT_VERSION = 5.0;
				TEST_TARGET_NAME = iOSHelloWorld;
			};
			name = Release;
		};
/* End XCBuildConfiguration section */

/* Begin XCConfigurationList section */
		D24408D01F6873A700D58AC7 /* Build configuration list for PBXProject "iOSHelloWorld" */ = {
			isa = XCConfigurationList;
			buildConfigurations = (
				D24408FB1F6873A700D58AC7 /* Debug */,
				D24408FC1F6873A700D58AC7 /* Release */,
			);
			defaultConfigurationIsVisible = 0;
			defaultConfigurationName = Release;
		};
		D24408FD1F6873A700D58AC7 /* Build configuration list for PBXNativeTarget "iOSHelloWorld" */ = {
			isa = XCConfigurationList;
			buildConfigurations = (
				D24408FE1F6873A700D58AC7 /* Debug */,
				D24408FF1F6873A700D58AC7 /* Release */,
			);
			defaultConfigurationIsVisible = 0;
			defaultConfigurationName = Release;
		};
		D24409001F6873A700D58AC7 /* Build configuration list for PBXNativeTarget "iOSHelloWorldTests" */ = {
			isa = XCConfigurationList;
			buildConfigurations = (
				D24409011F6873A700D58AC7 /* Debug */,
				D24409021F6873A700D58AC7 /* Release */,
			);
			defaultConfigurationIsVisible = 0;
			defaultConfigurationName = Release;
		};
		D24409031F6873A700D58AC7 /* Build configuration list for PBXNativeTarget "iOSHelloWorldUITests" */ = {
			isa = XCConfigurationList;
			buildConfigurations = (
				D24409041F6873A700D58AC7 /* Debug */,
				D24409051F6873A700D58AC7 /* Release */,
			);
			defaultConfigurationIsVisible = 0;
			defaultConfigurationName = Release;
		};
/* End XCConfigurationList section */
	};
	rootObject = D24408CD1F6873A700D58AC7 /* Project object */;
}
